
Microsoft Visual Studio Solution File, Format Version 12.00
# Visual Studio Version 16
VisualStudioVersion = 16.0.31624.102
MinimumVisualStudioVersion = 10.0.40219.1
Project("{FAE04EC0-301F-11D3-BF4B-00C04F79EFBC}") = "SMTP C-Sharp", "SMTP C-Sharp\SMTP C-Sharp.csproj", "{C27BBD35-B12B-48DB-974E-F34A81F37C68}"
EndProject
Project("{54435603-DBB4-11D2-8724-00A0C9A8B90C}") = "SMTP Setup", "SMTP Setup\SMTP Setup.vdproj", "{B042E078-89A8-43BA-92FF-CC016F77D501}"
EndProject
Global
	GlobalSection(SolutionConfigurationPlatforms) = preSolution
		Debug|Any CPU = Debug|Any CPU
		Release|Any CPU = Release|Any CPU
	EndGlobalSection
	GlobalSection(ProjectConfigurationPlatforms) = postSolution
		{C27BBD35-B12B-48DB-974E-F34A81F37C68}.Debug|Any CPU.ActiveCfg = Debug|Any CPU
		{C27BBD35-B12B-48DB-974E-F34A81F37C68}.Debug|Any CPU.Build.0 = Debug|Any CPU
		{C27BBD35-B12B-48DB-974E-F34A81F37C68}.Release|Any CPU.ActiveCfg = Release|Any CPU
		{C27BBD35-B12B-48DB-974E-F34A81F37C68}.Release|Any CPU.Build.0 = Release|Any CPU
		{B042E078-89A8-43BA-92FF-CC016F77D501}.Debug|Any CPU.ActiveCfg = Debug
		{B042E078-89A8-43BA-92FF-CC016F77D501}.Release|Any CPU.ActiveCfg = Release
	EndGlobalSection
	GlobalSection(SolutionProperties) = preSolution
		HideSolutionNode = FALSE
	EndGlobalSection
	GlobalSection(ExtensibilityGlobals) = postSolution
		SolutionGuid = {2DA20452-CBBC-40AA-9594-1662373E7C6D}
	EndGlobalSection
EndGlobal
